
Microsoft Visual Studio Solution File, Format Version 12.00
# Visual Studio Version 17
VisualStudioVersion = 17.3.32929.385
MinimumVisualStudioVersion = 10.0.40219.1
Project("{FAE04EC0-301F-11D3-BF4B-00C04F79EFBC}") = "Loops", "..\Loops\Loops.csproj", "{632F35FF-6850-4871-A62A-11247C2291B4}"
EndProject
Project("{FAE04EC0-301F-11D3-BF4B-00C04F79EFBC}") = "MultiDimension", "MultiDimension\MultiDimension.csproj", "{5CEBAEE6-731D-467F-95E6-3479945515E4}"
EndProject
Project("{FAE04EC0-301F-11D3-BF4B-00C04F79EFBC}") = "Strings", "Strings\Strings.csproj", "{169142AE-77F8-499B-84D2-15EA6B51BFB1}"
EndProject
Project("{FAE04EC0-301F-11D3-BF4B-00C04F79EFBC}") = "Classes", "Classes\Classes.csproj", "{D0062A7E-AD21-4ABA-B873-65982849BBF6}"
EndProject
Project("{FAE04EC0-301F-11D3-BF4B-00C04F79EFBC}") = "RecapDemo", "RecapDemo\RecapDemo.csproj", "{523D8AFF-8C66-45CF-9901-DD8C9AA07719}"
EndProject
Project("{FAE04EC0-301F-11D3-BF4B-00C04F79EFBC}") = "Interfaces", "Interfaces\Interfaces.csproj", "{DBC676EC-3CE9-4EE5-BFB7-894A65B27097}"
EndProject
Project("{FAE04EC0-301F-11D3-BF4B-00C04F79EFBC}") = "InterfacesDemo", "InterfacesDemo\InterfacesDemo.csproj", "{94BD5779-F367-45E6-A316-C46759D6D3B5}"
EndProject
Project("{FAE04EC0-301F-11D3-BF4B-00C04F79EFBC}") = "Inheritance", "Inheritance\Inheritance.csproj", "{DF103673-3B99-42D3-9338-6F74359CFDDC}"
EndProject
Project("{FAE04EC0-301F-11D3-BF4B-00C04F79EFBC}") = "VirtualMethods", "VirtualMethods\VirtualMethods.csproj", "{2FFE5AC3-0786-4ECE-8809-7A6FF839434F}"
EndProject
Project("{FAE04EC0-301F-11D3-BF4B-00C04F79EFBC}") = "AbstractClasses", "AbstractClasses\AbstractClasses.csproj", "{40B534F6-034D-4214-B85D-6D07FCA2EF62}"
EndProject
Project("{FAE04EC0-301F-11D3-BF4B-00C04F79EFBC}") = "RecapDemo2", "RecapDemo2\RecapDemo2.csproj", "{93826AFC-C547-4BC4-AB8F-7E12489014B3}"
EndProject
Global
	GlobalSection(SolutionConfigurationPlatforms) = preSolution
		Debug|Any CPU = Debug|Any CPU
		Release|Any CPU = Release|Any CPU
	EndGlobalSection
	GlobalSection(ProjectConfigurationPlatforms) = postSolution
		{632F35FF-6850-4871-A62A-11247C2291B4}.Debug|Any CPU.ActiveCfg = Debug|Any CPU
		{632F35FF-6850-4871-A62A-11247C2291B4}.Debug|Any CPU.Build.0 = Debug|Any CPU
		{632F35FF-6850-4871-A62A-11247C2291B4}.Release|Any CPU.ActiveCfg = Release|Any CPU
		{632F35FF-6850-4871-A62A-11247C2291B4}.Release|Any CPU.Build.0 = Release|Any CPU
		{5CEBAEE6-731D-467F-95E6-3479945515E4}.Debug|Any CPU.ActiveCfg = Debug|Any CPU
		{5CEBAEE6-731D-467F-95E6-3479945515E4}.Debug|Any CPU.Build.0 = Debug|Any CPU
		{5CEBAEE6-731D-467F-95E6-3479945515E4}.Release|Any CPU.ActiveCfg = Release|Any CPU
		{5CEBAEE6-731D-467F-95E6-3479945515E4}.Release|Any CPU.Build.0 = Release|Any CPU
		{169142AE-77F8-499B-84D2-15EA6B51BFB1}.Debug|Any CPU.ActiveCfg = Debug|Any CPU
		{169142AE-77F8-499B-84D2-15EA6B51BFB1}.Debug|Any CPU.Build.0 = Debug|Any CPU
		{169142AE-77F8-499B-84D2-15EA6B51BFB1}.Release|Any CPU.ActiveCfg = Release|Any CPU
		{169142AE-77F8-499B-84D2-15EA6B51BFB1}.Release|Any CPU.Build.0 = Release|Any CPU
		{D0062A7E-AD21-4ABA-B873-65982849BBF6}.Debug|Any CPU.ActiveCfg = Debug|Any CPU
		{D0062A7E-AD21-4ABA-B873-65982849BBF6}.Debug|Any CPU.Build.0 = Debug|Any CPU
		{D0062A7E-AD21-4ABA-B873-65982849BBF6}.Release|Any CPU.ActiveCfg = Release|Any CPU
		{D0062A7E-AD21-4ABA-B873-65982849BBF6}.Release|Any CPU.Build.0 = Release|Any CPU
		{523D8AFF-8C66-45CF-9901-DD8C9AA07719}.Debug|Any CPU.ActiveCfg = Debug|Any CPU
		{523D8AFF-8C66-45CF-9901-DD8C9AA07719}.Debug|Any CPU.Build.0 = Debug|Any CPU
		{523D8AFF-8C66-45CF-9901-DD8C9AA07719}.Release|Any CPU.ActiveCfg = Release|Any CPU
		{523D8AFF-8C66-45CF-9901-DD8C9AA07719}.Release|Any CPU.Build.0 = Release|Any CPU
		{DBC676EC-3CE9-4EE5-BFB7-894A65B27097}.Debug|Any CPU.ActiveCfg = Debug|Any CPU
		{DBC676EC-3CE9-4EE5-BFB7-894A65B27097}.Debug|Any CPU.Build.0 = Debug|Any CPU
		{DBC676EC-3CE9-4EE5-BFB7-894A65B27097}.Release|Any CPU.ActiveCfg = Release|Any CPU
		{DBC676EC-3CE9-4EE5-BFB7-894A65B27097}.Release|Any CPU.Build.0 = Release|Any CPU
		{94BD5779-F367-45E6-A316-C46759D6D3B5}.Debug|Any CPU.ActiveCfg = Debug|Any CPU
		{94BD5779-F367-45E6-A316-C46759D6D3B5}.Debug|Any CPU.Build.0 = Debug|Any CPU
		{94BD5779-F367-45E6-A316-C46759D6D3B5}.Release|Any CPU.ActiveCfg = Release|Any CPU
		{94BD5779-F367-45E6-A316-C46759D6D3B5}.Release|Any CPU.Build.0 = Release|Any CPU
		{DF103673-3B99-42D3-9338-6F74359CFDDC}.Debug|Any CPU.ActiveCfg = Debug|Any CPU
		{DF103673-3B99-42D3-9338-6F74359CFDDC}.Debug|Any CPU.Build.0 = Debug|Any CPU
		{DF103673-3B99-42D3-9338-6F74359CFDDC}.Release|Any CPU.ActiveCfg = Release|Any CPU
		{DF103673-3B99-42D3-9338-6F74359CFDDC}.Release|Any CPU.Build.0 = Release|Any CPU
		{2FFE5AC3-0786-4ECE-8809-7A6FF839434F}.Debug|Any CPU.ActiveCfg = Debug|Any CPU
		{2FFE5AC3-0786-4ECE-8809-7A6FF839434F}.Debug|Any CPU.Build.0 = Debug|Any CPU
		{2FFE5AC3-0786-4ECE-8809-7A6FF839434F}.Release|Any CPU.ActiveCfg = Release|Any CPU
		{2FFE5AC3-0786-4ECE-8809-7A6FF839434F}.Release|Any CPU.Build.0 = Release|Any CPU
		{40B534F6-034D-4214-B85D-6D07FCA2EF62}.Debug|Any CPU.ActiveCfg = Debug|Any CPU
		{40B534F6-034D-4214-B85D-6D07FCA2EF62}.Debug|Any CPU.Build.0 = Debug|Any CPU
		{40B534F6-034D-4214-B85D-6D07FCA2EF62}.Release|Any CPU.ActiveCfg = Release|Any CPU
		{40B534F6-034D-4214-B85D-6D07FCA2EF62}.Release|Any CPU.Build.0 = Release|Any CPU
		{93826AFC-C547-4BC4-AB8F-7E12489014B3}.Debug|Any CPU.ActiveCfg = Debug|Any CPU
		{93826AFC-C547-4BC4-AB8F-7E12489014B3}.Debug|Any CPU.Build.0 = Debug|Any CPU
		{93826AFC-C547-4BC4-AB8F-7E12489014B3}.Release|Any CPU.ActiveCfg = Release|Any CPU
		{93826AFC-C547-4BC4-AB8F-7E12489014B3}.Release|Any CPU.Build.0 = Release|Any CPU
	EndGlobalSection
	GlobalSection(SolutionProperties) = preSolution
		HideSolutionNode = FALSE
	EndGlobalSection
	GlobalSection(ExtensibilityGlobals) = postSolution
		SolutionGuid = {7BB5C35D-3F17-40B3-9870-E43161F7C304}
	EndGlobalSection
EndGlobal
